{
  "name": "rollup-plugin-dynamic-import",
  "version": "1.0.0",
  "lockfileVersion": 2,
  "requires": true,
  "packages": {
    "": {
      "version": "1.0.0",
      "license": "ISC",
      "dependencies": {
        "es-module-lexer": "^0.7.1",
        "fast-glob": "^3.2.6",
        "magic-string": "^0.25.7"
      },
      "devDependencies": {
        "rollup": "^2.52.7"
      }
    },
    "node_modules/@nodelib/fs.scandir": {
      "version": "2.1.5",
      "resolved": "https://registry.nlark.com/@nodelib/fs.scandir/download/@nodelib/fs.scandir-2.1.5.tgz?cache=0&sync_timestamp=1622792655677&other_urls=https%3A%2F%2Fregistry.nlark.com%2F%40nodelib%2Ffs.scandir%2Fdownload%2F%40nodelib%2Ffs.scandir-2.1.5.tgz",
      "integrity": "sha1-dhnC6yGyVIP20WdUi0z9WnSIw9U=",
      "dependencies": {
        "@nodelib/fs.stat": "2.0.5",
        "run-parallel": "^1.1.9"
      },
      "engines": {
        "node": ">= 8"
      }
    },
    "node_modules/@nodelib/fs.stat": {
      "version": "2.0.5",
      "resolved": "https://registry.nlark.com/@nodelib/fs.stat/download/@nodelib/fs.stat-2.0.5.tgz?cache=0&sync_timestamp=1622792692185&other_urls=https%3A%2F%2Fregistry.nlark.com%2F%40nodelib%2Ffs.stat%2Fdownload%2F%40nodelib%2Ffs.stat-2.0.5.tgz",
      "integrity": "sha1-W9Jir5Tp0lvR5xsF3u1Eh2oiLos=",
      "engines": {
        "node": ">= 8"
      }
    },
    "node_modules/@nodelib/fs.walk": {
      "version": "1.2.7",
      "resolved": "https://registry.nlark.com/@nodelib/fs.walk/download/@nodelib/fs.walk-1.2.7.tgz?cache=0&sync_timestamp=1622793339261&other_urls=https%3A%2F%2Fregistry.nlark.com%2F%40nodelib%2Ffs.walk%2Fdownload%2F%40nodelib%2Ffs.walk-1.2.7.tgz",
      "integrity": "sha1-lMI9sY7kZT4Smr0m+wb4cKyeHuI=",
      "dependencies": {
        "@nodelib/fs.scandir": "2.1.5",
        "fastq": "^1.6.0"
      },
      "engines": {
        "node": ">= 8"
      }
    },
    "node_modules/braces": {
      "version": "3.0.2",
      "resolved": "https://registry.npm.taobao.org/braces/download/braces-3.0.2.tgz",
      "integrity": "sha1-NFThpGLujVmeI23zNs2epPiv4Qc=",
      "dependencies": {
        "fill-range": "^7.0.1"
      },
      "engines": {
        "node": ">=8"
      }
    },
    "node_modules/es-module-lexer": {
      "version": "0.7.1",
      "resolved": "https://registry.nlark.com/es-module-lexer/download/es-module-lexer-0.7.1.tgz",
      "integrity": "sha1-wsjg9G8t8GJ0za8N0/OzPgoLJn0="
    },
    "node_modules/fast-glob": {
      "version": "3.2.6",
      "resolved": "https://registry.nlark.com/fast-glob/download/fast-glob-3.2.6.tgz",
      "integrity": "sha1-Q03ZUphFF26gSazJND6CgnZcbho=",
      "dependencies": {
        "@nodelib/fs.stat": "^2.0.2",
        "@nodelib/fs.walk": "^1.2.3",
        "glob-parent": "^5.1.2",
        "merge2": "^1.3.0",
        "micromatch": "^4.0.4"
      },
      "engines": {
        "node": ">=8"
      }
    },
    "node_modules/fastq": {
      "version": "1.11.1",
      "resolved": "https://registry.nlark.com/fastq/download/fastq-1.11.1.tgz?cache=0&sync_timestamp=1625393310499&other_urls=https%3A%2F%2Fregistry.nlark.com%2Ffastq%2Fdownload%2Ffastq-1.11.1.tgz",
      "integrity": "sha1-XYF1quF9thlH+LFiz8f2MmTSKAc=",
      "dependencies": {
        "reusify": "^1.0.4"
      }
    },
    "node_modules/fill-range": {
      "version": "7.0.1",
      "resolved": "https://registry.npm.taobao.org/fill-range/download/fill-range-7.0.1.tgz",
      "integrity": "sha1-GRmmp8df44ssfHflGYU12prN2kA=",
      "dependencies": {
        "to-regex-range": "^5.0.1"
      },
      "engines": {
        "node": ">=8"
      }
    },
    "node_modules/fsevents": {
      "version": "2.3.2",
      "resolved": "https://registry.npm.taobao.org/fsevents/download/fsevents-2.3.2.tgz?cache=0&sync_timestamp=1612536477949&other_urls=https%3A%2F%2Fregistry.npm.taobao.org%2Ffsevents%2Fdownload%2Ffsevents-2.3.2.tgz",
      "integrity": "sha1-ilJveLj99GI7cJ4Ll1xSwkwC/Ro=",
      "dev": true,
      "optional": true,
      "engines": {
        "node": "^8.16.0 || ^10.6.0 || >=11.0.0"
      }
    },
    "node_modules/glob-parent": {
      "version": "5.1.2",
      "resolved": "https://registry.nlark.com/glob-parent/download/glob-parent-5.1.2.tgz",
      "integrity": "sha1-hpgyxYA0/mikCTwX3BXoNA2EAcQ=",
      "dependencies": {
        "is-glob": "^4.0.1"
      },
      "engines": {
        "node": ">= 6"
      }
    },
    "node_modules/is-extglob": {
      "version": "2.1.1",
      "resolved": "https://registry.npm.taobao.org/is-extglob/download/is-extglob-2.1.1.tgz",
      "integrity": "sha1-qIwCU1eR8C7TfHahueqXc8gz+MI=",
      "engines": {
        "node": ">=0.10.0"
      }
    },
    "node_modules/is-glob": {
      "version": "4.0.1",
      "resolved": "https://registry.npm.taobao.org/is-glob/download/is-glob-4.0.1.tgz",
      "integrity": "sha1-dWfb6fL14kZ7x3q4PEopSCQHpdw=",
      "dependencies": {
        "is-extglob": "^2.1.1"
      },
      "engines": {
        "node": ">=0.10.0"
      }
    },
    "node_modules/is-number": {
      "version": "7.0.0",
      "resolved": "https://registry.npm.taobao.org/is-number/download/is-number-7.0.0.tgz",
      "integrity": "sha1-dTU0W4lnNNX4DE0GxQlVUnoU8Ss=",
      "engines": {
        "node": ">=0.12.0"
      }
    },
    "node_modules/magic-string": {
      "version": "0.25.7",
      "resolved": "https://registry.npm.taobao.org/magic-string/download/magic-string-0.25.7.tgz",
      "integrity": "sha1-P0l9b9NMZpxnmNy4IfLvMfVEUFE=",
      "dependencies": {
        "sourcemap-codec": "^1.4.4"
      }
    },
    "node_modules/merge2": {
      "version": "1.4.1",
      "resolved": "https://registry.npm.taobao.org/merge2/download/merge2-1.4.1.tgz",
      "integrity": "sha1-Q2iJL4hekHRVpv19xVwMnUBJkK4=",
      "engines": {
        "node": ">= 8"
      }
    },
    "node_modules/micromatch": {
      "version": "4.0.4",
      "resolved": "https://registry.nlark.com/micromatch/download/micromatch-4.0.4.tgz?cache=0&sync_timestamp=1618910283285&other_urls=https%3A%2F%2Fregistry.nlark.com%2Fmicromatch%2Fdownload%2Fmicromatch-4.0.4.tgz",
      "integrity": "sha1-iW1Rnf6dsl/OlM63pQCRm/iB6/k=",
      "dependencies": {
        "braces": "^3.0.1",
        "picomatch": "^2.2.3"
      },
      "engines": {
        "node": ">=8.6"
      }
    },
    "node_modules/picomatch": {
      "version": "2.3.0",
      "resolved": "https://registry.nlark.com/picomatch/download/picomatch-2.3.0.tgz?cache=0&sync_timestamp=1621648305056&other_urls=https%3A%2F%2Fregistry.nlark.com%2Fpicomatch%2Fdownload%2Fpicomatch-2.3.0.tgz",
      "integrity": "sha1-8fBh3o9qS/AiiS4tEoI0+5gwKXI=",
      "engines": {
        "node": ">=8.6"
      }
    },
    "node_modules/queue-microtask": {
      "version": "1.2.3",
      "resolved": "https://registry.npm.taobao.org/queue-microtask/download/queue-microtask-1.2.3.tgz",
      "integrity": "sha1-SSkii7xyTfrEPg77BYyve2z7YkM="
    },
    "node_modules/reusify": {
      "version": "1.0.4",
      "resolved": "https://registry.npm.taobao.org/reusify/download/reusify-1.0.4.tgz",
      "integrity": "sha1-kNo4Kx4SbvwCFG6QhFqI2xKSXXY=",
      "engines": {
        "iojs": ">=1.0.0",
        "node": ">=0.10.0"
      }
    },
    "node_modules/rollup": {
      "version": "2.52.7",
      "resolved": "https://registry.nlark.com/rollup/download/rollup-2.52.7.tgz",
      "integrity": "sha1-4VqL9zT25MIEt83zNSEVExAlDLI=",
      "dev": true,
      "bin": {
        "rollup": "dist/bin/rollup"
      },
      "engines": {
        "node": ">=10.0.0"
      },
      "optionalDependencies": {
        "fsevents": "~2.3.2"
      }
    },
    "node_modules/run-parallel": {
      "version": "1.2.0",
      "resolved": "https://registry.npm.taobao.org/run-parallel/download/run-parallel-1.2.0.tgz?cache=0&sync_timestamp=1612926037406&other_urls=https%3A%2F%2Fregistry.npm.taobao.org%2Frun-parallel%2Fdownload%2Frun-parallel-1.2.0.tgz",
      "integrity": "sha1-ZtE2jae9+SHrnZW9GpIp5/IaQ+4=",
      "dependencies": {
        "queue-microtask": "^1.2.2"
      }
    },
    "node_modules/sourcemap-codec": {
      "version": "1.4.8",
      "resolved": "https://registry.npm.taobao.org/sourcemap-codec/download/sourcemap-codec-1.4.8.tgz",
      "integrity": "sha1-6oBL2UhXQC5pktBaOO8a41qatMQ="
    },
    "node_modules/to-regex-range": {
      "version": "5.0.1",
      "resolved": "https://registry.npm.taobao.org/to-regex-range/download/to-regex-range-5.0.1.tgz",
      "integrity": "sha1-FkjESq58jZiKMmAY7XL1tN0DkuQ=",
      "dependencies": {
        "is-number": "^7.0.0"
      },
      "engines": {
        "node": ">=8.0"
      }
    }
  },
  "dependencies": {
    "@nodelib/fs.scandir": {
      "version": "2.1.5",
      "resolved": "https://registry.nlark.com/@nodelib/fs.scandir/download/@nodelib/fs.scandir-2.1.5.tgz?cache=0&sync_timestamp=1622792655677&other_urls=https%3A%2F%2Fregistry.nlark.com%2F%40nodelib%2Ffs.scandir%2Fdownload%2F%40nodelib%2Ffs.scandir-2.1.5.tgz",
      "integrity": "sha1-dhnC6yGyVIP20WdUi0z9WnSIw9U=",
      "requires": {
        "@nodelib/fs.stat": "2.0.5",
        "run-parallel": "^1.1.9"
      }
    },
    "@nodelib/fs.stat": {
      "version": "2.0.5",
      "resolved": "https://registry.nlark.com/@nodelib/fs.stat/download/@nodelib/fs.stat-2.0.5.tgz?cache=0&sync_timestamp=1622792692185&other_urls=https%3A%2F%2Fregistry.nlark.com%2F%40nodelib%2Ffs.stat%2Fdownload%2F%40nodelib%2Ffs.stat-2.0.5.tgz",
      "integrity": "sha1-W9Jir5Tp0lvR5xsF3u1Eh2oiLos="
    },
    "@nodelib/fs.walk": {
      "version": "1.2.7",
      "resolved": "https://registry.nlark.com/@nodelib/fs.walk/download/@nodelib/fs.walk-1.2.7.tgz?cache=0&sync_timestamp=1622793339261&other_urls=https%3A%2F%2Fregistry.nlark.com%2F%40nodelib%2Ffs.walk%2Fdownload%2F%40nodelib%2Ffs.walk-1.2.7.tgz",
      "integrity": "sha1-lMI9sY7kZT4Smr0m+wb4cKyeHuI=",
      "requires": {
        "@nodelib/fs.scandir": "2.1.5",
        "fastq": "^1.6.0"
      }
    },
    "braces": {
      "version": "3.0.2",
      "resolved": "https://registry.npm.taobao.org/braces/download/braces-3.0.2.tgz",
      "integrity": "sha1-NFThpGLujVmeI23zNs2epPiv4Qc=",
      "requires": {
        "fill-range": "^7.0.1"
      }
    },
    "es-module-lexer": {
      "version": "0.7.1",
      "resolved": "https://registry.nlark.com/es-module-lexer/download/es-module-lexer-0.7.1.tgz",
      "integrity": "sha1-wsjg9G8t8GJ0za8N0/OzPgoLJn0="
    },
    "fast-glob": {
      "version": "3.2.6",
      "resolved": "https://registry.nlark.com/fast-glob/download/fast-glob-3.2.6.tgz",
      "integrity": "sha1-Q03ZUphFF26gSazJND6CgnZcbho=",
      "requires": {
        "@nodelib/fs.stat": "^2.0.2",
        "@nodelib/fs.walk": "^1.2.3",
        "glob-parent": "^5.1.2",
        "merge2": "^1.3.0",
        "micromatch": "^4.0.4"
      }
    },
    "fastq": {
      "version": "1.11.1",
      "resolved": "https://registry.nlark.com/fastq/download/fastq-1.11.1.tgz?cache=0&sync_timestamp=1625393310499&other_urls=https%3A%2F%2Fregistry.nlark.com%2Ffastq%2Fdownload%2Ffastq-1.11.1.tgz",
      "integrity": "sha1-XYF1quF9thlH+LFiz8f2MmTSKAc=",
      "requires": {
        "reusify": "^1.0.4"
      }
    },
    "fill-range": {
      "version": "7.0.1",
      "resolved": "https://registry.npm.taobao.org/fill-range/download/fill-range-7.0.1.tgz",
      "integrity": "sha1-GRmmp8df44ssfHflGYU12prN2kA=",
      "requires": {
        "to-regex-range": "^5.0.1"
      }
    },
    "fsevents": {
      "version": "2.3.2",
      "resolved": "https://registry.npm.taobao.org/fsevents/download/fsevents-2.3.2.tgz?cache=0&sync_timestamp=1612536477949&other_urls=https%3A%2F%2Fregistry.npm.taobao.org%2Ffsevents%2Fdownload%2Ffsevents-2.3.2.tgz",
      "integrity": "sha1-ilJveLj99GI7cJ4Ll1xSwkwC/Ro=",
      "dev": true,
      "optional": true
    },
    "glob-parent": {
      "version": "5.1.2",
      "resolved": "https://registry.nlark.com/glob-parent/download/glob-parent-5.1.2.tgz",
      "integrity": "sha1-hpgyxYA0/mikCTwX3BXoNA2EAcQ=",
      "requires": {
        "is-glob": "^4.0.1"
      }
    },
    "is-extglob": {
      "version": "2.1.1",
      "resolved": "https://registry.npm.taobao.org/is-extglob/download/is-extglob-2.1.1.tgz",
      "integrity": "sha1-qIwCU1eR8C7TfHahueqXc8gz+MI="
    },
    "is-glob": {
      "version": "4.0.1",
      "resolved": "https://registry.npm.taobao.org/is-glob/download/is-glob-4.0.1.tgz",
      "integrity": "sha1-dWfb6fL14kZ7x3q4PEopSCQHpdw=",
      "requires": {
        "is-extglob": "^2.1.1"
      }
    },
    "is-number": {
      "version": "7.0.0",
      "resolved": "https://registry.npm.taobao.org/is-number/download/is-number-7.0.0.tgz",
      "integrity": "sha1-dTU0W4lnNNX4DE0GxQlVUnoU8Ss="
    },
    "magic-string": {
      "version": "0.25.7",
      "resolved": "https://registry.npm.taobao.org/magic-string/download/magic-string-0.25.7.tgz",
      "integrity": "sha1-P0l9b9NMZpxnmNy4IfLvMfVEUFE=",
      "requires": {
        "sourcemap-codec": "^1.4.4"
      }
    },
    "merge2": {
      "version": "1.4.1",
      "resolved": "https://registry.npm.taobao.org/merge2/download/merge2-1.4.1.tgz",
      "integrity": "sha1-Q2iJL4hekHRVpv19xVwMnUBJkK4="
    },
    "micromatch": {
      "version": "4.0.4",
      "resolved": "https://registry.nlark.com/micromatch/download/micromatch-4.0.4.tgz?cache=0&sync_timestamp=1618910283285&other_urls=https%3A%2F%2Fregistry.nlark.com%2Fmicromatch%2Fdownload%2Fmicromatch-4.0.4.tgz",
      "integrity": "sha1-iW1Rnf6dsl/OlM63pQCRm/iB6/k=",
      "requires": {
        "braces": "^3.0.1",
        "picomatch": "^2.2.3"
      }
    },
    "picomatch": {
      "version": "2.3.0",
      "resolved": "https://registry.nlark.com/picomatch/download/picomatch-2.3.0.tgz?cache=0&sync_timestamp=1621648305056&other_urls=https%3A%2F%2Fregistry.nlark.com%2Fpicomatch%2Fdownload%2Fpicomatch-2.3.0.tgz",
      "integrity": "sha1-8fBh3o9qS/AiiS4tEoI0+5gwKXI="
    },
    "queue-microtask": {
      "version": "1.2.3",
      "resolved": "https://registry.npm.taobao.org/queue-microtask/download/queue-microtask-1.2.3.tgz",
      "integrity": "sha1-SSkii7xyTfrEPg77BYyve2z7YkM="
    },
    "reusify": {
      "version": "1.0.4",
      "resolved": "https://registry.npm.taobao.org/reusify/download/reusify-1.0.4.tgz",
      "integrity": "sha1-kNo4Kx4SbvwCFG6QhFqI2xKSXXY="
    },
    "rollup": {
      "version": "2.52.7",
      "resolved": "https://registry.nlark.com/rollup/download/rollup-2.52.7.tgz",
      "integrity": "sha1-4VqL9zT25MIEt83zNSEVExAlDLI=",
      "dev": true,
      "requires": {
        "fsevents": "~2.3.2"
      }
    },
    "run-parallel": {
      "version": "1.2.0",
      "resolved": "https://registry.npm.taobao.org/run-parallel/download/run-parallel-1.2.0.tgz?cache=0&sync_timestamp=1612926037406&other_urls=https%3A%2F%2Fregistry.npm.taobao.org%2Frun-parallel%2Fdownload%2Frun-parallel-1.2.0.tgz",
      "integrity": "sha1-ZtE2jae9+SHrnZW9GpIp5/IaQ+4=",
      "requires": {
        "queue-microtask": "^1.2.2"
      }
    },
    "sourcemap-codec": {
      "version": "1.4.8",
      "resolved": "https://registry.npm.taobao.org/sourcemap-codec/download/sourcemap-codec-1.4.8.tgz",
      "integrity": "sha1-6oBL2UhXQC5pktBaOO8a41qatMQ="
    },
    "to-regex-range": {
      "version": "5.0.1",
      "resolved": "https://registry.npm.taobao.org/to-regex-range/download/to-regex-range-5.0.1.tgz",
      "integrity": "sha1-FkjESq58jZiKMmAY7XL1tN0DkuQ=",
      "requires": {
        "is-number": "^7.0.0"
      }
    }
  }
}
